
Microsoft Visual Studio Solution File, Format Version 12.00
# Visual Studio Version 17
VisualStudioVersion = 17.9.34723.18
MinimumVisualStudioVersion = 10.0.40219.1
Project("{9A19103F-16F7-4668-BE54-9A1E7A4F7556}") = "ServerAsyncTCP", "ServerAsyncTCP\ServerAsyncTCP.csproj", "{CBBD196E-7F80-4006-B7E4-F8A96A6B6C89}"
EndProject
Project("{9A19103F-16F7-4668-BE54-9A1E7A4F7556}") = "ClientChat", "ClientChat\ClientChat.csproj", "{7F09077F-61D6-40DC-BAF2-D650E5AA74D0}"
EndProject
Global
	GlobalSection(SolutionConfigurationPlatforms) = preSolution
		Debug|Any CPU = Debug|Any CPU
		Release|Any CPU = Release|Any CPU
	EndGlobalSection
	GlobalSection(ProjectConfigurationPlatforms) = postSolution
		{CBBD196E-7F80-4006-B7E4-F8A96A6B6C89}.Debug|Any CPU.ActiveCfg = Debug|Any CPU
		{CBBD196E-7F80-4006-B7E4-F8A96A6B6C89}.Debug|Any CPU.Build.0 = Debug|Any CPU
		{CBBD196E-7F80-4006-B7E4-F8A96A6B6C89}.Release|Any CPU.ActiveCfg = Release|Any CPU
		{CBBD196E-7F80-4006-B7E4-F8A96A6B6C89}.Release|Any CPU.Build.0 = Release|Any CPU
		{7F09077F-61D6-40DC-BAF2-D650E5AA74D0}.Debug|Any CPU.ActiveCfg = Debug|Any CPU
		{7F09077F-61D6-40DC-BAF2-D650E5AA74D0}.Debug|Any CPU.Build.0 = Debug|Any CPU
		{7F09077F-61D6-40DC-BAF2-D650E5AA74D0}.Release|Any CPU.ActiveCfg = Release|Any CPU
		{7F09077F-61D6-40DC-BAF2-D650E5AA74D0}.Release|Any CPU.Build.0 = Release|Any CPU
	EndGlobalSection
	GlobalSection(SolutionProperties) = preSolution
		HideSolutionNode = FALSE
	EndGlobalSection
	GlobalSection(ExtensibilityGlobals) = postSolution
		SolutionGuid = {7E7DFB8C-5CBC-4C16-85DE-46E76954DEEB}
	EndGlobalSection
EndGlobal
